PODS:
  - ReachabilitySwift (3)
  - Refresher (0.4.0):
    - ReachabilitySwift (~> 3)

DEPENDENCIES:
  - Refresher (from `.`)

EXTERNAL SOURCES:
  Refresher:
    :path: .

SPEC CHECKSUMS:
  ReachabilitySwift: f5b9bb30a0777fac8f09ce8b067e32faeb29bb64
  Refresher: 0cc110105967d4a51907812ecfacc9bb496845d5

PODFILE CHECKSUM: cee88143199165d338734f88f64b7252e0610964

COCOAPODS: 1.0.1
